// !$*UTF8*$!
{
	archiveVersion = 1;
	classes = {
	};
	objectVersion = 46;
	objects = {

/* Begin PBXBuildFile section */
		752A1E0D192684A800D211B1 /* MapKit.framework in Frameworks */ = {isa = PBXBuildFile; fileRef = 752A1E0C192684A800D211B1 /* MapKit.framework */; };
		753EF4CE19281A9D00733F0D /* NHSCAboutUsViewController.m in Sources */ = {isa = PBXBuildFile; fileRef = 753EF4CD19281A9D00733F0D /* NHSCAboutUsViewController.m */; };
		753EF4D0192838FB00733F0D /* DWCheaderlogo.png in Resources */ = {isa = PBXBuildFile; fileRef = 753EF4CF192838FB00733F0D /* DWCheaderlogo.png */; };
		753EF4D319283A4C00733F0D /* NHSCContactUsViewController.m in Sources */ = {isa = PBXBuildFile; fileRef = 753EF4D219283A4C00733F0D /* NHSCContactUsViewController.m */; };
		D63DB16E19284EDA00A3BA07 /* NHSCAddressHelper.m in Sources */ = {isa = PBXBuildFile; fileRef = D63DB16D19284EDA00A3BA07 /* NHSCAddressHelper.m */; };
		D63DB1731928570600A3BA07 /* NHSCDonationDetailsViewController.m in Sources */ = {isa = PBXBuildFile; fileRef = D63DB1721928570600A3BA07 /* NHSCDonationDetailsViewController.m */; };
		D63DB17619286C5300A3BA07 /* NHSCNewsMainTableViewController.m in Sources */ = {isa = PBXBuildFile; fileRef = D63DB17519286C5300A3BA07 /* NHSCNewsMainTableViewController.m */; };
		D63DB17919286CA100A3BA07 /* NHSCNewsDetailsViewController.m in Sources */ = {isa = PBXBuildFile; fileRef = D63DB17819286CA100A3BA07 /* NHSCNewsDetailsViewController.m */; };
		D6821BCA19265B5400C079A7 /* AMSlideMenuContentSegue.m in Sources */ = {isa = PBXBuildFile; fileRef = D6821BBC19265B5400C079A7 /* AMSlideMenuContentSegue.m */; };
		D6821BCB19265B5400C079A7 /* AMSlideMenuLeftMenuSegue.m in Sources */ = {isa = PBXBuildFile; fileRef = D6821BBE19265B5400C079A7 /* AMSlideMenuLeftMenuSegue.m */; };
		D6821BCC19265B5400C079A7 /* AMSlideMenuLeftTableViewController.m in Sources */ = {isa = PBXBuildFile; fileRef = D6821BC019265B5400C079A7 /* AMSlideMenuLeftTableViewController.m */; };
		D6821BCD19265B5400C079A7 /* AMSlideMenuMainViewController.m in Sources */ = {isa = PBXBuildFile; fileRef = D6821BC219265B5400C079A7 /* AMSlideMenuMainViewController.m */; };
		D6821BCE19265B5400C079A7 /* AMSlideMenuRightMenuSegue.m in Sources */ = {isa = PBXBuildFile; fileRef = D6821BC519265B5400C079A7 /* AMSlideMenuRightMenuSegue.m */; };
		D6821BCF19265B5400C079A7 /* AMSlideMenuRightTableViewController.m in Sources */ = {isa = PBXBuildFile; fileRef = D6821BC719265B5400C079A7 /* AMSlideMenuRightTableViewController.m */; };
		D6821BD019265B5400C079A7 /* UIViewController+AMSlideMenu.m in Sources */ = {isa = PBXBuildFile; fileRef = D6821BC919265B5400C079A7 /* UIViewController+AMSlideMenu.m */; };
		D6821BD219265B6400C079A7 /* Main.storyboard in Resources */ = {isa = PBXBuildFile; fileRef = D6821BD119265B6400C079A7 /* Main.storyboard */; };
		D6821BD51926689900C079A7 /* NHSCMainViewController.m in Sources */ = {isa = PBXBuildFile; fileRef = D6821BD41926689900C079A7 /* NHSCMainViewController.m */; };
		D6821BDB19266B1B00C079A7 /* NHSCLeftMenuTableViewController.m in Sources */ = {isa = PBXBuildFile; fileRef = D6821BDA19266B1B00C079A7 /* NHSCLeftMenuTableViewController.m */; };
		D6821BDE1926839D00C079A7 /* simpleMenuButton.png in Resources */ = {isa = PBXBuildFile; fileRef = D6821BDC1926839D00C079A7 /* simpleMenuButton.png */; };
		D6821BDF1926839D00C079A7 /* simpleMenuButton@2x.png in Resources */ = {isa = PBXBuildFile; fileRef = D6821BDD1926839D00C079A7 /* simpleMenuButton@2x.png */; };
		D6821BE1192691D400C079A7 /* Parse.framework in Frameworks */ = {isa = PBXBuildFile; fileRef = D6821BE0192691D400C079A7 /* Parse.framework */; };
		D6821BE31926923900C079A7 /* AudioToolbox.framework in Frameworks */ = {isa = PBXBuildFile; fileRef = D6821BE21926923900C079A7 /* AudioToolbox.framework */; };
		D6821BE51926924600C079A7 /* CFNetwork.framework in Frameworks */ = {isa = PBXBuildFile; fileRef = D6821BE41926924600C079A7 /* CFNetwork.framework */; };
		D6821BE71926925800C079A7 /* CoreLocation.framework in Frameworks */ = {isa = PBXBuildFile; fileRef = D6821BE61926925800C079A7 /* CoreLocation.framework */; };
		D6821BE91926926100C079A7 /* libz.dylib in Frameworks */ = {isa = PBXBuildFile; fileRef = D6821BE81926926100C079A7 /* libz.dylib */; };
		D6821BEB1926926900C079A7 /* MobileCoreServices.framework in Frameworks */ = {isa = PBXBuildFile; fileRef = D6821BEA1926926900C079A7 /* MobileCoreServices.framework */; };
		D6821BED1926927000C079A7 /* QuartzCore.framework in Frameworks */ = {isa = PBXBuildFile; fileRef = D6821BEC1926927000C079A7 /* QuartzCore.framework */; };
		D6821BEF1926927600C079A7 /* Security.framework in Frameworks */ = {isa = PBXBuildFile; fileRef = D6821BEE1926927600C079A7 /* Security.framework */; };
		D6821BF11926928200C079A7 /* StoreKit.framework in Frameworks */ = {isa = PBXBuildFile; fileRef = D6821BF01926928200C079A7 /* StoreKit.framework */; };
		D6821BF31926928800C079A7 /* SystemConfiguration.framework in Frameworks */ = {isa = PBXBuildFile; fileRef = D6821BF21926928800C079A7 /* SystemConfiguration.framework */; };
		D6821BF61926F4CE00C079A7 /* NHSCPopcornMapLocationViewController.m in Sources */ = {isa = PBXBuildFile; fileRef = D6821BF51926F4CE00C079A7 /* NHSCPopcornMapLocationViewController.m */; };
		D6821BF91926F63E00C079A7 /* NHSCPlaceAnnotation.m in Sources */ = {isa = PBXBuildFile; fileRef = D6821BF81926F63E00C079A7 /* NHSCPlaceAnnotation.m */; };
		D6821C011927036D00C079A7 /* UIButtonBarRefresh.png in Resources */ = {isa = PBXBuildFile; fileRef = D6821BFF1927036D00C079A7 /* UIButtonBarRefresh.png */; };
		D6821C021927036D00C079A7 /* UIButtonBarRefresh@2x.png in Resources */ = {isa = PBXBuildFile; fileRef = D6821C001927036D00C079A7 /* UIButtonBarRefresh@2x.png */; };
		D68E31881927D13A0093250A /* center_direction-25.png in Resources */ = {isa = PBXBuildFile; fileRef = D68E31871927D13A0093250A /* center_direction-25.png */; };
		D68E318F192813440093250A /* checkmark-25.png in Resources */ = {isa = PBXBuildFile; fileRef = D68E318E192813440093250A /* checkmark-25.png */; };
		D68E3191192813DF0093250A /* delete_sign-25.png in Resources */ = {isa = PBXBuildFile; fileRef = D68E3190192813DF0093250A /* delete_sign-25.png */; };
		D68E31941928170B0093250A /* NHSCDonationMapLocationViewController.m in Sources */ = {isa = PBXBuildFile; fileRef = D68E31931928170B0093250A /* NHSCDonationMapLocationViewController.m */; };
		D691187A1926418F00925BB0 /* Foundation.framework in Frameworks */ = {isa = PBXBuildFile; fileRef = D69118791926418F00925BB0 /* Foundation.framework */; };
		D691187C1926418F00925BB0 /* CoreGraphics.framework in Frameworks */ = {isa = PBXBuildFile; fileRef = D691187B1926418F00925BB0 /* CoreGraphics.framework */; };
		D691187E1926418F00925BB0 /* UIKit.framework in Frameworks */ = {isa = PBXBuildFile; fileRef = D691187D1926418F00925BB0 /* UIKit.framework */; };
		D69118841926418F00925BB0 /* InfoPlist.strings in Resources */ = {isa = PBXBuildFile; fileRef = D69118821926418F00925BB0 /* InfoPlist.strings */; };
		D69118861926418F00925BB0 /* main.m in Sources */ = {isa = PBXBuildFile; fileRef = D69118851926418F00925BB0 /* main.m */; };
		D691188A1926418F00925BB0 /* NHSCAppDelegate.m in Sources */ = {isa = PBXBuildFile; fileRef = D69118891926418F00925BB0 /* NHSCAppDelegate.m */; };
		D691188C1926418F00925BB0 /* Images.xcassets in Resources */ = {isa = PBXBuildFile; fileRef = D691188B1926418F00925BB0 /* Images.xcassets */; };
		D69118931926418F00925BB0 /* XCTest.framework in Frameworks */ = {isa = PBXBuildFile; fileRef = D69118921926418F00925BB0 /* XCTest.framework */; };
		D69118941926418F00925BB0 /* Foundation.framework in Frameworks */ = {isa = PBXBuildFile; fileRef = D69118791926418F00925BB0 /* Foundation.framework */; };
		D69118951926418F00925BB0 /* UIKit.framework in Frameworks */ = {isa = PBXBuildFile; fileRef = D691187D1926418F00925BB0 /* UIKit.framework */; };
		D691189D1926418F00925BB0 /* InfoPlist.strings in Resources */ = {isa = PBXBuildFile; fileRef = D691189B1926418F00925BB0 /* InfoPlist.strings */; };
		D691189F1926418F00925BB0 /* Boy_ScoutsTests.m in Sources */ = {isa = PBXBuildFile; fileRef = D691189E1926418F00925BB0 /* Boy_ScoutsTests.m */; };
/* End PBXBuildFile section */

/* Begin PBXContainerItemProxy section */
		D69118961926418F00925BB0 /* PBXContainerItemProxy */ = {
			isa = PBXContainerItemProxy;
			containerPortal = D691186E1926418F00925BB0 /* Project object */;
			proxyType = 1;
			remoteGlobalIDString = D69118751926418F00925BB0;
			remoteInfo = "Boy Scouts";
		};
/* End PBXContainerItemProxy section */

/* Begin PBXFileReference section */
		752A1E0C192684A800D211B1 /* MapKit.framework */ = {isa = PBXFileReference; lastKnownFileType = wrapper.framework; name = MapKit.framework; path = System/Library/Frameworks/MapKit.framework; sourceTree = SDKROOT; };
		753EF4CC19281A9D00733F0D /* NHSCAboutUsViewController.h */ = {isa = PBXFileReference; fileEncoding = 4; lastKnownFileType = sourcecode.c.h; path = NHSCAboutUsViewController.h; sourceTree = "<group>"; };
		753EF4CD19281A9D00733F0D /* NHSCAboutUsViewController.m */ = {isa = PBXFileReference; fileEncoding = 4; lastKnownFileType = sourcecode.c.objc; path = NHSCAboutUsViewController.m; sourceTree = "<group>"; };
		753EF4CF192838FB00733F0D /* DWCheaderlogo.png */ = {isa = PBXFileReference; lastKnownFileType = image.png; path = DWCheaderlogo.png; sourceTree = "<group>"; };
		753EF4D119283A4C00733F0D /* NHSCContactUsViewController.h */ = {isa = PBXFileReference; fileEncoding = 4; lastKnownFileType = sourcecode.c.h; path = NHSCContactUsViewController.h; sourceTree = "<group>"; };
		753EF4D219283A4C00733F0D /* NHSCContactUsViewController.m */ = {isa = PBXFileReference; fileEncoding = 4; lastKnownFileType = sourcecode.c.objc; path = NHSCContactUsViewController.m; sourceTree = "<group>"; };
		D63DB16C19284EDA00A3BA07 /* NHSCAddressHelper.h */ = {isa = PBXFileReference; fileEncoding = 4; lastKnownFileType = sourcecode.c.h; path = NHSCAddressHelper.h; sourceTree = "<group>"; };
		D63DB16D19284EDA00A3BA07 /* NHSCAddressHelper.m */ = {isa = PBXFileReference; fileEncoding = 4; lastKnownFileType = sourcecode.c.objc; path = NHSCAddressHelper.m; sourceTree = "<group>"; };
		D63DB1711928570600A3BA07 /* NHSCDonationDetailsViewController.h */ = {isa = PBXFileReference; fileEncoding = 4; lastKnownFileType = sourcecode.c.h; path = NHSCDonationDetailsViewController.h; sourceTree = "<group>"; };
		D63DB1721928570600A3BA07 /* NHSCDonationDetailsViewController.m */ = {isa = PBXFileReference; fileEncoding = 4; lastKnownFileType = sourcecode.c.objc; path = NHSCDonationDetailsViewController.m; sourceTree = "<group>"; };
		D63DB17419286C5300A3BA07 /* NHSCNewsMainTableViewController.h */ = {isa = PBXFileReference; fileEncoding = 4; lastKnownFileType = sourcecode.c.h; path = NHSCNewsMainTableViewController.h; sourceTree = "<group>"; };
		D63DB17519286C5300A3BA07 /* NHSCNewsMainTableViewController.m */ = {isa = PBXFileReference; fileEncoding = 4; lastKnownFileType = sourcecode.c.objc; path = NHSCNewsMainTableViewController.m; sourceTree = "<group>"; };
		D63DB17719286CA100A3BA07 /* NHSCNewsDetailsViewController.h */ = {isa = PBXFileReference; fileEncoding = 4; lastKnownFileType = sourcecode.c.h; path = NHSCNewsDetailsViewController.h; sourceTree = "<group>"; };
		D63DB17819286CA100A3BA07 /* NHSCNewsDetailsViewController.m */ = {isa = PBXFileReference; fileEncoding = 4; lastKnownFileType = sourcecode.c.objc; path = NHSCNewsDetailsViewController.m; sourceTree = "<group>"; };
		D6821BBB19265B5400C079A7 /* AMSlideMenuContentSegue.h */ = {isa = PBXFileReference; fileEncoding = 4; lastKnownFileType = sourcecode.c.h; path = AMSlideMenuContentSegue.h; sourceTree = "<group>"; };
		D6821BBC19265B5400C079A7 /* AMSlideMenuContentSegue.m */ = {isa = PBXFileReference; fileEncoding = 4; lastKnownFileType = sourcecode.c.objc; path = AMSlideMenuContentSegue.m; sourceTree = "<group>"; };
		D6821BBD19265B5400C079A7 /* AMSlideMenuLeftMenuSegue.h */ = {isa = PBXFileReference; fileEncoding = 4; lastKnownFileType = sourcecode.c.h; path = AMSlideMenuLeftMenuSegue.h; sourceTree = "<group>"; };
		D6821BBE19265B5400C079A7 /* AMSlideMenuLeftMenuSegue.m */ = {isa = PBXFileReference; fileEncoding = 4; lastKnownFileType = sourcecode.c.objc; path = AMSlideMenuLeftMenuSegue.m; sourceTree = "<group>"; };
		D6821BBF19265B5400C079A7 /* AMSlideMenuLeftTableViewController.h */ = {isa = PBXFileReference; fileEncoding = 4; lastKnownFileType = sourcecode.c.h; path = AMSlideMenuLeftTableViewController.h; sourceTree = "<group>"; };
		D6821BC019265B5400C079A7 /* AMSlideMenuLeftTableViewController.m */ = {isa = PBXFileReference; fileEncoding = 4; lastKnownFileType = sourcecode.c.objc; path = AMSlideMenuLeftTableViewController.m; sourceTree = "<group>"; };
		D6821BC119265B5400C079A7 /* AMSlideMenuMainViewController.h */ = {isa = PBXFileReference; fileEncoding = 4; lastKnownFileType = sourcecode.c.h; path = AMSlideMenuMainViewController.h; sourceTree = "<group>"; };
		D6821BC219265B5400C079A7 /* AMSlideMenuMainViewController.m */ = {isa = PBXFileReference; fileEncoding = 4; lastKnownFileType = sourcecode.c.objc; path = AMSlideMenuMainViewController.m; sourceTree = "<group>"; };
		D6821BC319265B5400C079A7 /* AMSlideMenuProtocols.h */ = {isa = PBXFileReference; fileEncoding = 4; lastKnownFileType = sourcecode.c.h; path = AMSlideMenuProtocols.h; sourceTree = "<group>"; };
		D6821BC419265B5400C079A7 /* AMSlideMenuRightMenuSegue.h */ = {isa = PBXFileReference; fileEncoding = 4; lastKnownFileType = sourcecode.c.h; path = AMSlideMenuRightMenuSegue.h; sourceTree = "<group>"; };
		D6821BC519265B5400C079A7 /* AMSlideMenuRightMenuSegue.m */ = {isa = PBXFileReference; fileEncoding = 4; lastKnownFileType = sourcecode.c.objc; path = AMSlideMenuRightMenuSegue.m; sourceTree = "<group>"; };
		D6821BC619265B5400C079A7 /* AMSlideMenuRightTableViewController.h */ = {isa = PBXFileReference; fileEncoding = 4; lastKnownFileType = sourcecode.c.h; path = AMSlideMenuRightTableViewController.h; sourceTree = "<group>"; };
		D6821BC719265B5400C079A7 /* AMSlideMenuRightTableViewController.m */ = {isa = PBXFileReference; fileEncoding = 4; lastKnownFileType = sourcecode.c.objc; path = AMSlideMenuRightTableViewController.m; sourceTree = "<group>"; };
		D6821BC819265B5400C079A7 /* UIViewController+AMSlideMenu.h */ = {isa = PBXFileReference; fileEncoding = 4; lastKnownFileType = sourcecode.c.h; path = "UIViewController+AMSlideMenu.h"; sourceTree = "<group>"; };
		D6821BC919265B5400C079A7 /* UIViewController+AMSlideMenu.m */ = {isa = PBXFileReference; fileEncoding = 4; lastKnownFileType = sourcecode.c.objc; path = "UIViewController+AMSlideMenu.m"; sourceTree = "<group>"; };
		D6821BD119265B6400C079A7 /* Main.storyboard */ = {isa = PBXFileReference; fileEncoding = 4; lastKnownFileType = file.storyboard; path = Main.storyboard; sourceTree = "<group>"; };
		D6821BD31926689900C079A7 /* NHSCMainViewController.h */ = {isa = PBXFileReference; fileEncoding = 4; lastKnownFileType = sourcecode.c.h; path = NHSCMainViewController.h; sourceTree = "<group>"; };
		D6821BD41926689900C079A7 /* NHSCMainViewController.m */ = {isa = PBXFileReference; fileEncoding = 4; lastKnownFileType = sourcecode.c.objc; path = NHSCMainViewController.m; sourceTree = "<group>"; };
		D6821BD919266B1B00C079A7 /* NHSCLeftMenuTableViewController.h */ = {isa = PBXFileReference; fileEncoding = 4; lastKnownFileType = sourcecode.c.h; path = NHSCLeftMenuTableViewController.h; sourceTree = "<group>"; };
		D6821BDA19266B1B00C079A7 /* NHSCLeftMenuTableViewController.m */ = {isa = PBXFileReference; fileEncoding = 4; lastKnownFileType = sourcecode.c.objc; path = NHSCLeftMenuTableViewController.m; sourceTree = "<group>"; };
		D6821BDC1926839D00C079A7 /* simpleMenuButton.png */ = {isa = PBXFileReference; lastKnownFileType = image.png; path = simpleMenuButton.png; sourceTree = "<group>"; };
		D6821BDD1926839D00C079A7 /* simpleMenuButton@2x.png */ = {isa = PBXFileReference; lastKnownFileType = image.png; path = "simpleMenuButton@2x.png"; sourceTree = "<group>"; };
		D6821BE0192691D400C079A7 /* Parse.framework */ = {isa = PBXFileReference; lastKnownFileType = wrapper.framework; path = Parse.framework; sourceTree = "<group>"; };
		D6821BE21926923900C079A7 /* AudioToolbox.framework */ = {isa = PBXFileReference; lastKnownFileType = wrapper.framework; name = AudioToolbox.framework; path = System/Library/Frameworks/AudioToolbox.framework; sourceTree = SDKROOT; };
		D6821BE41926924600C079A7 /* CFNetwork.framework */ = {isa = PBXFileReference; lastKnownFileType = wrapper.framework; name = CFNetwork.framework; path = System/Library/Frameworks/CFNetwork.framework; sourceTree = SDKROOT; };
		D6821BE61926925800C079A7 /* CoreLocation.framework */ = {isa = PBXFileReference; lastKnownFileType = wrapper.framework; name = CoreLocation.framework; path = System/Library/Frameworks/CoreLocation.framework; sourceTree = SDKROOT; };
		D6821BE81926926100C079A7 /* libz.dylib */ = {isa = PBXFileReference; lastKnownFileType = "compiled.mach-o.dylib"; name = libz.dylib; path = usr/lib/libz.dylib; sourceTree = SDKROOT; };
		D6821BEA1926926900C079A7 /* MobileCoreServices.framework */ = {isa = PBXFileReference; lastKnownFileType = wrapper.framework; name = MobileCoreServices.framework; path = System/Library/Frameworks/MobileCoreServices.framework; sourceTree = SDKROOT; };
		D6821BEC1926927000C079A7 /* QuartzCore.framework */ = {isa = PBXFileReference; lastKnownFileType = wrapper.framework; name = QuartzCore.framework; path = System/Library/Frameworks/QuartzCore.framework; sourceTree = SDKROOT; };
		D6821BEE1926927600C079A7 /* Security.framework */ = {isa = PBXFileReference; lastKnownFileType = wrapper.framework; name = Security.framework; path = System/Library/Frameworks/Security.framework; sourceTree = SDKROOT; };
		D6821BF01926928200C079A7 /* StoreKit.framework */ = {isa = PBXFileReference; lastKnownFileType = wrapper.framework; name = StoreKit.framework; path = System/Library/Frameworks/StoreKit.framework; sourceTree = SDKROOT; };
		D6821BF21926928800C079A7 /* SystemConfiguration.framework */ = {isa = PBXFileReference; lastKnownFileType = wrapper.framework; name = SystemConfiguration.framework; path = System/Library/Frameworks/SystemConfiguration.framework; sourceTree = SDKROOT; };
		D6821BF41926F4CE00C079A7 /* NHSCPopcornMapLocationViewController.h */ = {isa = PBXFileReference; fileEncoding = 4; lastKnownFileType = sourcecode.c.h; path = NHSCPopcornMapLocationViewController.h; sourceTree = "<group>"; };
		D6821BF51926F4CE00C079A7 /* NHSCPopcornMapLocationViewController.m */ = {isa = PBXFileReference; fileEncoding = 4; lastKnownFileType = sourcecode.c.objc; path = NHSCPopcornMapLocationViewController.m; sourceTree = "<group>"; };
		D6821BF71926F63E00C079A7 /* NHSCPlaceAnnotation.h */ = {isa = PBXFileReference; fileEncoding = 4; lastKnownFileType = sourcecode.c.h; path = NHSCPlaceAnnotation.h; sourceTree = "<group>"; };
		D6821BF81926F63E00C079A7 /* NHSCPlaceAnnotation.m */ = {isa = PBXFileReference; fileEncoding = 4; lastKnownFileType = sourcecode.c.objc; path = NHSCPlaceAnnotation.m; sourceTree = "<group>"; };
		D6821BFF1927036D00C079A7 /* UIButtonBarRefresh.png */ = {isa = PBXFileReference; lastKnownFileType = image.png; path = UIButtonBarRefresh.png; sourceTree = "<group>"; };
		D6821C001927036D00C079A7 /* UIButtonBarRefresh@2x.png */ = {isa = PBXFileReference; lastKnownFileType = image.png; path = "UIButtonBarRefresh@2x.png"; sourceTree = "<group>"; };
		D68E31841927CD4C0093250A /* TestLocation.gpx */ = {isa = PBXFileReference; lastKnownFileType = text.xml; path = TestLocation.gpx; sourceTree = "<group>"; };
		D68E31871927D13A0093250A /* center_direction-25.png */ = {isa = PBXFileReference; lastKnownFileType = image.png; path = "center_direction-25.png"; sourceTree = "<group>"; };
		D68E31891927D4DB0093250A /* TestLocation2.gpx */ = {isa = PBXFileReference; lastKnownFileType = text.xml; path = TestLocation2.gpx; sourceTree = "<group>"; };
		D68E318E192813440093250A /* checkmark-25.png */ = {isa = PBXFileReference; lastKnownFileType = image.png; path = "checkmark-25.png"; sourceTree = "<group>"; };
		D68E3190192813DF0093250A /* delete_sign-25.png */ = {isa = PBXFileReference; lastKnownFileType = image.png; path = "delete_sign-25.png"; sourceTree = "<group>"; };
		D68E31921928170B0093250A /* NHSCDonationMapLocationViewController.h */ = {isa = PBXFileReference; fileEncoding = 4; lastKnownFileType = sourcecode.c.h; path = NHSCDonationMapLocationViewController.h; sourceTree = "<group>"; };
		D68E31931928170B0093250A /* NHSCDonationMapLocationViewController.m */ = {isa = PBXFileReference; fileEncoding = 4; lastKnownFileType = sourcecode.c.objc; path = NHSCDonationMapLocationViewController.m; sourceTree = "<group>"; };
		D69118761926418F00925BB0 /* Boy Scouts.app */ = {isa = PBXFileReference; explicitFileType = wrapper.application; includeInIndex = 0; path = "Boy Scouts.app"; sourceTree = BUILT_PRODUCTS_DIR; };
		D69118791926418F00925BB0 /* Foundation.framework */ = {isa = PBXFileReference; lastKnownFileType = wrapper.framework; name = Foundation.framework; path = System/Library/Frameworks/Foundation.framework; sourceTree = SDKROOT; };
		D691187B1926418F00925BB0 /* CoreGraphics.framework */ = {isa = PBXFileReference; lastKnownFileType = wrapper.framework; name = CoreGraphics.framework; path = System/Library/Frameworks/CoreGraphics.framework; sourceTree = SDKROOT; };
		D691187D1926418F00925BB0 /* UIKit.framework */ = {isa = PBXFileReference; lastKnownFileType = wrapper.framework; name = UIKit.framework; path = System/Library/Frameworks/UIKit.framework; sourceTree = SDKROOT; };
		D69118811926418F00925BB0 /* Boy Scouts-Info.plist */ = {isa = PBXFileReference; lastKnownFileType = text.plist.xml; path = "Boy Scouts-Info.plist"; sourceTree = "<group>"; };
		D69118831926418F00925BB0 /* en */ = {isa = PBXFileReference; lastKnownFileType = text.plist.strings; name = en; path = en.lproj/InfoPlist.strings; sourceTree = "<group>"; };
		D69118851926418F00925BB0 /* main.m */ = {isa = PBXFileReference; lastKnownFileType = sourcecode.c.objc; path = main.m; sourceTree = "<group>"; };
		D69118871926418F00925BB0 /* Boy Scouts-Prefix.pch */ = {isa = PBXFileReference; lastKnownFileType = sourcecode.c.h; path = "Boy Scouts-Prefix.pch"; sourceTree = "<group>"; };
		D69118881926418F00925BB0 /* NHSCAppDelegate.h */ = {isa = PBXFileReference; lastKnownFileType = sourcecode.c.h; path = NHSCAppDelegate.h; sourceTree = "<group>"; };
		D69118891926418F00925BB0 /* NHSCAppDelegate.m */ = {isa = PBXFileReference; lastKnownFileType = sourcecode.c.objc; path = NHSCAppDelegate.m; sourceTree = "<group>"; };
		D691188B1926418F00925BB0 /* Images.xcassets */ = {isa = PBXFileReference; lastKnownFileType = folder.assetcatalog; path = Images.xcassets; sourceTree = "<group>"; };
		D69118911926418F00925BB0 /* Boy ScoutsTests.xctest */ = {isa = PBXFileReference; explicitFileType = wrapper.cfbundle; includeInIndex = 0; path = "Boy ScoutsTests.xctest"; sourceTree = BUILT_PRODUCTS_DIR; };
		D69118921926418F00925BB0 /* XCTest.framework */ = {isa = PBXFileReference; lastKnownFileType = wrapper.framework; name = XCTest.framework; path = Library/Frameworks/XCTest.framework; sourceTree = DEVELOPER_DIR; };
		D691189A1926418F00925BB0 /* Boy ScoutsTests-Info.plist */ = {isa = PBXFileReference; lastKnownFileType = text.plist.xml; path = "Boy ScoutsTests-Info.plist"; sourceTree = "<group>"; };
		D691189C1926418F00925BB0 /* en */ = {isa = PBXFileReference; lastKnownFileType = text.plist.strings; name = en; path = en.lproj/InfoPlist.strings; sourceTree = "<group>"; };
		D691189E1926418F00925BB0 /* Boy_ScoutsTests.m */ = {isa = PBXFileReference; lastKnownFileType = sourcecode.c.objc; path = Boy_ScoutsTests.m; sourceTree = "<group>"; };
/* End PBXFileReference section */

/* Begin PBXFrameworksBuildPhase section */
		D69118731926418F00925BB0 /* Frameworks */ = {
			isa = PBXFrameworksBuildPhase;
			buildActionMask = 2147483647;
			files = (
				D6821BF31926928800C079A7 /* SystemConfiguration.framework in Frameworks */,
				D6821BF11926928200C079A7 /* StoreKit.framework in Frameworks */,
				D6821BEF1926927600C079A7 /* Security.framework in Frameworks */,
				D6821BED1926927000C079A7 /* QuartzCore.framework in Frameworks */,
				D6821BEB1926926900C079A7 /* MobileCoreServices.framework in Frameworks */,
				D6821BE91926926100C079A7 /* libz.dylib in Frameworks */,
				D6821BE71926925800C079A7 /* CoreLocation.framework in Frameworks */,
				D691187C1926418F00925BB0 /* CoreGraphics.framework in Frameworks */,
				D6821BE51926924600C079A7 /* CFNetwork.framework in Frameworks */,
				D6821BE31926923900C079A7 /* AudioToolbox.framework in Frameworks */,
				D691187E1926418F00925BB0 /* UIKit.framework in Frameworks */,
				752A1E0D192684A800D211B1 /* MapKit.framework in Frameworks */,
				D6821BE1192691D400C079A7 /* Parse.framework in Frameworks */,
				D691187A1926418F00925BB0 /* Foundation.framework in Frameworks */,
			);
			runOnlyForDeploymentPostprocessing = 0;
		};
		D691188E1926418F00925BB0 /* Frameworks */ = {
			isa = PBXFrameworksBuildPhase;
			buildActionMask = 2147483647;
			files = (
				D69118931926418F00925BB0 /* XCTest.framework in Frameworks */,
				D69118951926418F00925BB0 /* UIKit.framework in Frameworks */,
				D69118941926418F00925BB0 /* Foundation.framework in Frameworks */,
			);
			runOnlyForDeploymentPostprocessing = 0;
		};
/* End PBXFrameworksBuildPhase section */

/* Begin PBXGroup section */
		D63DB16F19284FEE00A3BA07 /* Helpers */ = {
			isa = PBXGroup;
			children = (
				D63DB16C19284EDA00A3BA07 /* NHSCAddressHelper.h */,
				D63DB16D19284EDA00A3BA07 /* NHSCAddressHelper.m */,
			);
			name = Helpers;
			sourceTree = "<group>";
		};
		D63DB1701928500B00A3BA07 /* TestLocations */ = {
			isa = PBXGroup;
			children = (
				D68E31891927D4DB0093250A /* TestLocation2.gpx */,
				D68E31841927CD4C0093250A /* TestLocation.gpx */,
			);
			name = TestLocations;
			sourceTree = "<group>";
		};
		D6821BBA19265B5400C079A7 /* AMSlideMenu */ = {
			isa = PBXGroup;
			children = (
				D6821BBB19265B5400C079A7 /* AMSlideMenuContentSegue.h */,
				D6821BBC19265B5400C079A7 /* AMSlideMenuContentSegue.m */,
				D6821BBD19265B5400C079A7 /* AMSlideMenuLeftMenuSegue.h */,
				D6821BBE19265B5400C079A7 /* AMSlideMenuLeftMenuSegue.m */,
				D6821BBF19265B5400C079A7 /* AMSlideMenuLeftTableViewController.h */,
				D6821BC019265B5400C079A7 /* AMSlideMenuLeftTableViewController.m */,
				D6821BC119265B5400C079A7 /* AMSlideMenuMainViewController.h */,
				D6821BC219265B5400C079A7 /* AMSlideMenuMainViewController.m */,
				D6821BC319265B5400C079A7 /* AMSlideMenuProtocols.h */,
				D6821BC419265B5400C079A7 /* AMSlideMenuRightMenuSegue.h */,
				D6821BC519265B5400C079A7 /* AMSlideMenuRightMenuSegue.m */,
				D6821BC619265B5400C079A7 /* AMSlideMenuRightTableViewController.h */,
				D6821BC719265B5400C079A7 /* AMSlideMenuRightTableViewController.m */,
				D6821BC819265B5400C079A7 /* UIViewController+AMSlideMenu.h */,
				D6821BC919265B5400C079A7 /* UIViewController+AMSlideMenu.m */,
			);
			path = AMSlideMenu;
			sourceTree = "<group>";
		};
		D6821BFA1926F64700C079A7 /* Models */ = {
			isa = PBXGroup;
			children = (
				D6821BF71926F63E00C079A7 /* NHSCPlaceAnnotation.h */,
				D6821BF81926F63E00C079A7 /* NHSCPlaceAnnotation.m */,
			);
			name = Models;
			sourceTree = "<group>";
		};
		D691186D1926418F00925BB0 = {
			isa = PBXGroup;
			children = (
				D63DB17719286CA100A3BA07 /* NHSCNewsDetailsViewController.h */,
				D63DB17819286CA100A3BA07 /* NHSCNewsDetailsViewController.m */,
				D63DB17419286C5300A3BA07 /* NHSCNewsMainTableViewController.h */,
				D63DB17519286C5300A3BA07 /* NHSCNewsMainTableViewController.m */,
				D63DB1711928570600A3BA07 /* NHSCDonationDetailsViewController.h */,
				D63DB1721928570600A3BA07 /* NHSCDonationDetailsViewController.m */,
				D63DB1701928500B00A3BA07 /* TestLocations */,
				D63DB16F19284FEE00A3BA07 /* Helpers */,
				D6821BFA1926F64700C079A7 /* Models */,
				D6821BF41926F4CE00C079A7 /* NHSCPopcornMapLocationViewController.h */,
				D6821BF51926F4CE00C079A7 /* NHSCPopcornMapLocationViewController.m */,
				D68E31921928170B0093250A /* NHSCDonationMapLocationViewController.h */,
				D68E31931928170B0093250A /* NHSCDonationMapLocationViewController.m */,
				D6821BD919266B1B00C079A7 /* NHSCLeftMenuTableViewController.h */,
				D6821BDA19266B1B00C079A7 /* NHSCLeftMenuTableViewController.m */,
				D6821BD31926689900C079A7 /* NHSCMainViewController.h */,
				D6821BD41926689900C079A7 /* NHSCMainViewController.m */,
				D6821BD119265B6400C079A7 /* Main.storyboard */,
				753EF4D119283A4C00733F0D /* NHSCContactUsViewController.h */,
				753EF4D219283A4C00733F0D /* NHSCContactUsViewController.m */,
				753EF4CC19281A9D00733F0D /* NHSCAboutUsViewController.h */,
				753EF4CD19281A9D00733F0D /* NHSCAboutUsViewController.m */,
				D6821BBA19265B5400C079A7 /* AMSlideMenu */,
				D691187F1926418F00925BB0 /* Boy Scouts */,
				D69118981926418F00925BB0 /* Boy ScoutsTests */,
				D69118781926418F00925BB0 /* Frameworks */,
				D69118771926418F00925BB0 /* Products */,
			);
			sourceTree = "<group>";
		};
		D69118771926418F00925BB0 /* Products */ = {
			isa = PBXGroup;
			children = (
				D69118761926418F00925BB0 /* Boy Scouts.app */,
				D69118911926418F00925BB0 /* Boy ScoutsTests.xctest */,
			);
			name = Products;
			sourceTree = "<group>";
		};
		D69118781926418F00925BB0 /* Frameworks */ = {
			isa = PBXGroup;
			children = (
				752A1E0C192684A800D211B1 /* MapKit.framework */,
				D6821BF21926928800C079A7 /* SystemConfiguration.framework */,
				D6821BF01926928200C079A7 /* StoreKit.framework */,
				D6821BEE1926927600C079A7 /* Security.framework */,
				D6821BEC1926927000C079A7 /* QuartzCore.framework */,
				D6821BEA1926926900C079A7 /* MobileCoreServices.framework */,
				D6821BE81926926100C079A7 /* libz.dylib */,
				D6821BE61926925800C079A7 /* CoreLocation.framework */,
				D6821BE41926924600C079A7 /* CFNetwork.framework */,
				D6821BE21926923900C079A7 /* AudioToolbox.framework */,
				D6821BE0192691D400C079A7 /* Parse.framework */,
				D69118791926418F00925BB0 /* Foundation.framework */,
				D691187B1926418F00925BB0 /* CoreGraphics.framework */,
				D691187D1926418F00925BB0 /* UIKit.framework */,
				D69118921926418F00925BB0 /* XCTest.framework */,
			);
			name = Frameworks;
			sourceTree = "<group>";
		};
		D691187F1926418F00925BB0 /* Boy Scouts */ = {
			isa = PBXGroup;
			children = (
				D69118881926418F00925BB0 /* NHSCAppDelegate.h */,
				D69118891926418F00925BB0 /* NHSCAppDelegate.m */,
				D691188B1926418F00925BB0 /* Images.xcassets */,
				D69118801926418F00925BB0 /* Supporting Files */,
			);
			path = "Boy Scouts";
			sourceTree = "<group>";
		};
		D69118801926418F00925BB0 /* Supporting Files */ = {
			isa = PBXGroup;
			children = (
				753EF4CF192838FB00733F0D /* DWCheaderlogo.png */,
				D68E3190192813DF0093250A /* delete_sign-25.png */,
				D68E318E192813440093250A /* checkmark-25.png */,
				D68E31871927D13A0093250A /* center_direction-25.png */,
				D6821BFF1927036D00C079A7 /* UIButtonBarRefresh.png */,
				D6821C001927036D00C079A7 /* UIButtonBarRefresh@2x.png */,
				D6821BDC1926839D00C079A7 /* simpleMenuButton.png */,
				D6821BDD1926839D00C079A7 /* simpleMenuButton@2x.png */,
				D69118811926418F00925BB0 /* Boy Scouts-Info.plist */,
				D69118821926418F00925BB0 /* InfoPlist.strings */,
				D69118851926418F00925BB0 /* main.m */,
				D69118871926418F00925BB0 /* Boy Scouts-Prefix.pch */,
			);
			name = "Supporting Files";
			sourceTree = "<group>";
		};
		D69118981926418F00925BB0 /* Boy ScoutsTests */ = {
			isa = PBXGroup;
			children = (
				D691189E1926418F00925BB0 /* Boy_ScoutsTests.m */,
				D69118991926418F00925BB0 /* Supporting Files */,
			);
			path = "Boy ScoutsTests";
			sourceTree = "<group>";
		};
		D69118991926418F00925BB0 /* Supporting Files */ = {
			isa = PBXGroup;
			children = (
				D691189A1926418F00925BB0 /* Boy ScoutsTests-Info.plist */,
				D691189B1926418F00925BB0 /* InfoPlist.strings */,
			);
			name = "Supporting Files";
			sourceTree = "<group>";
		};
/* End PBXGroup section */

/* Begin PBXNativeTarget section */
		D69118751926418F00925BB0 /* Boy Scouts */ = {
			isa = PBXNativeTarget;
			buildConfigurationList = D69118A21926418F00925BB0 /* Build configuration list for PBXNativeTarget "Boy Scouts" */;
			buildPhases = (
				D69118721926418F00925BB0 /* Sources */,
				D69118731926418F00925BB0 /* Frameworks */,
				D69118741926418F00925BB0 /* Resources */,
			);
			buildRules = (
			);
			dependencies = (
			);
			name = "Boy Scouts";
			productName = "Boy Scouts";
			productReference = D69118761926418F00925BB0 /* Boy Scouts.app */;
			productType = "com.apple.product-type.application";
		};
		D69118901926418F00925BB0 /* Boy ScoutsTests */ = {
			isa = PBXNativeTarget;
			buildConfigurationList = D69118A51926418F00925BB0 /* Build configuration list for PBXNativeTarget "Boy ScoutsTests" */;
			buildPhases = (
				D691188D1926418F00925BB0 /* Sources */,
				D691188E1926418F00925BB0 /* Frameworks */,
				D691188F1926418F00925BB0 /* Resources */,
			);
			buildRules = (
			);
			dependencies = (
				D69118971926418F00925BB0 /* PBXTargetDependency */,
			);
			name = "Boy ScoutsTests";
			productName = "Boy ScoutsTests";
			productReference = D69118911926418F00925BB0 /* Boy ScoutsTests.xctest */;
			productType = "com.apple.product-type.bundle.unit-test";
		};
/* End PBXNativeTarget section */

/* Begin PBXProject section */
		D691186E1926418F00925BB0 /* Project object */ = {
			isa = PBXProject;
			attributes = {
				CLASSPREFIX = NHSC;
				LastUpgradeCheck = 0510;
				ORGANIZATIONNAME = "Daniel Webster Council Boy Scouts of America";
				TargetAttributes = {
					D69118751926418F00925BB0 = {
						SystemCapabilities = {
							com.apple.iOS = {
								enabled = 1;
							};
						};
					};
					D69118901926418F00925BB0 = {
						TestTargetID = D69118751926418F00925BB0;
					};
				};
			};
			buildConfigurationList = D69118711926418F00925BB0 /* Build configuration list for PBXProject "Boy Scouts" */;
			compatibilityVersion = "Xcode 3.2";
			developmentRegion = English;
			hasScannedForEncodings = 0;
			knownRegions = (
				en,
			);
			mainGroup = D691186D1926418F00925BB0;
			productRefGroup = D69118771926418F00925BB0 /* Products */;
			projectDirPath = "";
			projectRoot = "";
			targets = (
				D69118751926418F00925BB0 /* Boy Scouts */,
				D69118901926418F00925BB0 /* Boy ScoutsTests */,
			);
		};
/* End PBXProject section */

/* Begin PBXResourcesBuildPhase section */
		D69118741926418F00925BB0 /* Resources */ = {
			isa = PBXResourcesBuildPhase;
			buildActionMask = 2147483647;
			files = (
				D68E3191192813DF0093250A /* delete_sign-25.png in Resources */,
				D6821BD219265B6400C079A7 /* Main.storyboard in Resources */,
				753EF4D0192838FB00733F0D /* DWCheaderlogo.png in Resources */,
				D68E318F192813440093250A /* checkmark-25.png in Resources */,
				D6821C011927036D00C079A7 /* UIButtonBarRefresh.png in Resources */,
				D69118841926418F00925BB0 /* InfoPlist.strings in Resources */,
				D6821BDF1926839D00C079A7 /* simpleMenuButton@2x.png in Resources */,
				D6821C021927036D00C079A7 /* UIButtonBarRefresh@2x.png in Resources */,
				D6821BDE1926839D00C079A7 /* simpleMenuButton.png in Resources */,
				D691188C1926418F00925BB0 /* Images.xcassets in Resources */,
				D68E31881927D13A0093250A /* center_direction-25.png in Resources */,
			);
			runOnlyForDeploymentPostprocessing = 0;
		};
		D691188F1926418F00925BB0 /* Resources */ = {
			isa = PBXResourcesBuildPhase;
			buildActionMask = 2147483647;
			files = (
				D691189D1926418F00925BB0 /* InfoPlist.strings in Resources */,
			);
			runOnlyForDeploymentPostprocessing = 0;
		};
/* End PBXResourcesBuildPhase section */

/* Begin PBXSourcesBuildPhase section */
		D69118721926418F00925BB0 /* Sources */ = {
			isa = PBXSourcesBuildPhase;
			buildActionMask = 2147483647;
			files = (
				D68E31941928170B0093250A /* NHSCDonationMapLocationViewController.m in Sources */,
				D6821BCC19265B5400C079A7 /* AMSlideMenuLeftTableViewController.m in Sources */,
				D6821BCF19265B5400C079A7 /* AMSlideMenuRightTableViewController.m in Sources */,
				D6821BF91926F63E00C079A7 /* NHSCPlaceAnnotation.m in Sources */,
				D63DB17919286CA100A3BA07 /* NHSCNewsDetailsViewController.m in Sources */,
				D63DB17619286C5300A3BA07 /* NHSCNewsMainTableViewController.m in Sources */,
				D6821BCE19265B5400C079A7 /* AMSlideMenuRightMenuSegue.m in Sources */,
				753EF4D319283A4C00733F0D /* NHSCContactUsViewController.m in Sources */,
				753EF4CE19281A9D00733F0D /* NHSCAboutUsViewController.m in Sources */,
				D6821BD51926689900C079A7 /* NHSCMainViewController.m in Sources */,
				D6821BF61926F4CE00C079A7 /* NHSCPopcornMapLocationViewController.m in Sources */,
				D6821BCA19265B5400C079A7 /* AMSlideMenuContentSegue.m in Sources */,
				D691188A1926418F00925BB0 /* NHSCAppDelegate.m in Sources */,
				D6821BCB19265B5400C079A7 /* AMSlideMenuLeftMenuSegue.m in Sources */,
				D6821BD019265B5400C079A7 /* UIViewController+AMSlideMenu.m in Sources */,
				D63DB1731928570600A3BA07 /* NHSCDonationDetailsViewController.m in Sources */,
				D6821BDB19266B1B00C079A7 /* NHSCLeftMenuTableViewController.m in Sources */,
				D63DB16E19284EDA00A3BA07 /* NHSCAddressHelper.m in Sources */,
				D6821BCD19265B5400C079A7 /* AMSlideMenuMainViewController.m in Sources */,
				D69118861926418F00925BB0 /* main.m in Sources */,
			);
			runOnlyForDeploymentPostprocessing = 0;
		};
		D691188D1926418F00925BB0 /* Sources */ = {
			isa = PBXSourcesBuildPhase;
			buildActionMask = 2147483647;
			files = (
				D691189F1926418F00925BB0 /* Boy_ScoutsTests.m in Sources */,
			);
			runOnlyForDeploymentPostprocessing = 0;
		};
/* End PBXSourcesBuildPhase section */

/* Begin PBXTargetDependency section */
		D69118971926418F00925BB0 /* PBXTargetDependency */ = {
			isa = PBXTargetDependency;
			target = D69118751926418F00925BB0 /* Boy Scouts */;
			targetProxy = D69118961926418F00925BB0 /* PBXContainerItemProxy */;
		};
/* End PBXTargetDependency section */

/* Begin PBXVariantGroup section */
		D69118821926418F00925BB0 /* InfoPlist.strings */ = {
			isa = PBXVariantGroup;
			children = (
				D69118831926418F00925BB0 /* en */,
			);
			name = InfoPlist.strings;
			sourceTree = "<group>";
		};
		D691189B1926418F00925BB0 /* InfoPlist.strings */ = {
			isa = PBXVariantGroup;
			children = (
				D691189C1926418F00925BB0 /* en */,
			);
			name = InfoPlist.strings;
			sourceTree = "<group>";
		};
/* End PBXVariantGroup section */

/* Begin XCBuildConfiguration section */
		D69118A01926418F00925BB0 /* Debug */ = {
			isa = XCBuildConfiguration;
			buildSettings = {
				ALWAYS_SEARCH_USER_PATHS = NO;
				CLANG_CXX_LANGUAGE_STANDARD = "gnu++0x";
				CLANG_CXX_LIBRARY = "libc++";
				CLANG_ENABLE_MODULES = YES;
				CLANG_ENABLE_OBJC_ARC = YES;
				CLANG_WARN_BOOL_CONVERSION = YES;
				CLANG_WARN_CONSTANT_CONVERSION = YES;
				CLANG_WARN_DIRECT_OBJC_ISA_USAGE = YES_ERROR;
				CLANG_WARN_EMPTY_BODY = YES;
				CLANG_WARN_ENUM_CONVERSION = YES;
				CLANG_WARN_INT_CONVERSION = YES;
				CLANG_WARN_OBJC_ROOT_CLASS = YES_ERROR;
				CLANG_WARN__DUPLICATE_METHOD_MATCH = YES;
				"CODE_SIGN_IDENTITY[sdk=iphoneos*]" = "iPhone Developer";
				COPY_PHASE_STRIP = NO;
				GCC_C_LANGUAGE_STANDARD = gnu99;
				GCC_DYNAMIC_NO_PIC = NO;
				GCC_OPTIMIZATION_LEVEL = 0;
				GCC_PREPROCESSOR_DEFINITIONS = (
					"DEBUG=1",
					"$(inherited)",
				);
				GCC_SYMBOLS_PRIVATE_EXTERN = NO;
				GCC_WARN_64_TO_32_BIT_CONVERSION = YES;
				GCC_WARN_ABOUT_RETURN_TYPE = YES_ERROR;
				GCC_WARN_UNDECLARED_SELECTOR = YES;
				GCC_WARN_UNINITIALIZED_AUTOS = YES_AGGRESSIVE;
				GCC_WARN_UNUSED_FUNCTION = YES;
				GCC_WARN_UNUSED_VARIABLE = YES;
				IPHONEOS_DEPLOYMENT_TARGET = 7.1;
				ONLY_ACTIVE_ARCH = YES;
				SDKROOT = iphoneos;
			};
			name = Debug;
		};
		D69118A11926418F00925BB0 /* Release */ = {
			isa = XCBuildConfiguration;
			buildSettings = {
				ALWAYS_SEARCH_USER_PATHS = NO;
				CLANG_CXX_LANGUAGE_STANDARD = "gnu++0x";
				CLANG_CXX_LIBRARY = "libc++";
				CLANG_ENABLE_MODULES = YES;
				CLANG_ENABLE_OBJC_ARC = YES;
				CLANG_WARN_BOOL_CONVERSION = YES;
				CLANG_WARN_CONSTANT_CONVERSION = YES;
				CLANG_WARN_DIRECT_OBJC_ISA_USAGE = YES_ERROR;
				CLANG_WARN_EMPTY_BODY = YES;
				CLANG_WARN_ENUM_CONVERSION = YES;
				CLANG_WARN_INT_CONVERSION = YES;
				CLANG_WARN_OBJC_ROOT_CLASS = YES_ERROR;
				CLANG_WARN__DUPLICATE_METHOD_MATCH = YES;
				"CODE_SIGN_IDENTITY[sdk=iphoneos*]" = "iPhone Developer";
				COPY_PHASE_STRIP = YES;
				ENABLE_NS_ASSERTIONS = NO;
				GCC_C_LANGUAGE_STANDARD = gnu99;
				GCC_WARN_64_TO_32_BIT_CONVERSION = YES;
				GCC_WARN_ABOUT_RETURN_TYPE = YES_ERROR;
				GCC_WARN_UNDECLARED_SELECTOR = YES;
				GCC_WARN_UNINITIALIZED_AUTOS = YES_AGGRESSIVE;
				GCC_WARN_UNUSED_FUNCTION = YES;
				GCC_WARN_UNUSED_VARIABLE = YES;
				IPHONEOS_DEPLOYMENT_TARGET = 7.1;
				SDKROOT = iphoneos;
				VALIDATE_PRODUCT = YES;
			};
			name = Release;
		};
		D69118A31926418F00925BB0 /* Debug */ = {
			isa = XCBuildConfiguration;
			buildSettings = {
				ASSETCATALOG_COMPILER_APPICON_NAME = AppIcon;
				ASSETCATALOG_COMPILER_LAUNCHIMAGE_NAME = LaunchImage;
				FRAMEWORK_SEARCH_PATHS = (
					"$(inherited)",
					"$(PROJECT_DIR)",
				);
				GCC_PRECOMPILE_PREFIX_HEADER = YES;
				GCC_PREFIX_HEADER = "Boy Scouts/Boy Scouts-Prefix.pch";
				INFOPLIST_FILE = "Boy Scouts/Boy Scouts-Info.plist";
				PRODUCT_NAME = "$(TARGET_NAME)";
				WRAPPER_EXTENSION = app;
			};
			name = Debug;
		};
		D69118A41926418F00925BB0 /* Release */ = {
			isa = XCBuildConfiguration;
			buildSettings = {
				ASSETCATALOG_COMPILER_APPICON_NAME = AppIcon;
				ASSETCATALOG_COMPILER_LAUNCHIMAGE_NAME = LaunchImage;
				FRAMEWORK_SEARCH_PATHS = (
					"$(inherited)",
					"$(PROJECT_DIR)",
				);
				GCC_PRECOMPILE_PREFIX_HEADER = YES;
				GCC_PREFIX_HEADER = "Boy Scouts/Boy Scouts-Prefix.pch";
				INFOPLIST_FILE = "Boy Scouts/Boy Scouts-Info.plist";
				PRODUCT_NAME = "$(TARGET_NAME)";
				WRAPPER_EXTENSION = app;
			};
			name = Release;
		};
		D69118A61926418F00925BB0 /* Debug */ = {
			isa = XCBuildConfiguration;
			buildSettings = {
				BUNDLE_LOADER = "$(BUILT_PRODUCTS_DIR)/Boy Scouts.app/Boy Scouts";
				FRAMEWORK_SEARCH_PATHS = (
					"$(SDKROOT)/Developer/Library/Frameworks",
					"$(inherited)",
					"$(DEVELOPER_FRAMEWORKS_DIR)",
				);
				GCC_PRECOMPILE_PREFIX_HEADER = YES;
				GCC_PREFIX_HEADER = "Boy Scouts/Boy Scouts-Prefix.pch";
				GCC_PREPROCESSOR_DEFINITIONS = (
					"DEBUG=1",
					"$(inherited)",
				);
				INFOPLIST_FILE = "Boy ScoutsTests/Boy ScoutsTests-Info.plist";
				PRODUCT_NAME = "$(TARGET_NAME)";
				TEST_HOST = "$(BUNDLE_LOADER)";
				WRAPPER_EXTENSION = xctest;
			};
			name = Debug;
		};
		D69118A71926418F00925BB0 /* Release */ = {
			isa = XCBuildConfiguration;
			buildSettings = {
				BUNDLE_LOADER = "$(BUILT_PRODUCTS_DIR)/Boy Scouts.app/Boy Scouts";
				FRAMEWORK_SEARCH_PATHS = (
					"$(SDKROOT)/Developer/Library/Frameworks",
					"$(inherited)",
					"$(DEVELOPER_FRAMEWORKS_DIR)",
				);
				GCC_PRECOMPILE_PREFIX_HEADER = YES;
				GCC_PREFIX_HEADER = "Boy Scouts/Boy Scouts-Prefix.pch";
				INFOPLIST_FILE = "Boy ScoutsTests/Boy ScoutsTests-Info.plist";
				PRODUCT_NAME = "$(TARGET_NAME)";
				TEST_HOST = "$(BUNDLE_LOADER)";
				WRAPPER_EXTENSION = xctest;
			};
			name = Release;
		};
/* End XCBuildConfiguration section */

/* Begin XCConfigurationList section */
		D69118711926418F00925BB0 /* Build configuration list for PBXProject "Boy Scouts" */ = {
			isa = XCConfigurationList;
			buildConfigurations = (
				D69118A01926418F00925BB0 /* Debug */,
				D69118A11926418F00925BB0 /* Release */,
			);
			defaultConfigurationIsVisible = 0;
			defaultConfigurationName = Release;
		};
		D69118A21926418F00925BB0 /* Build configuration list for PBXNativeTarget "Boy Scouts" */ = {
			isa = XCConfigurationList;
			buildConfigurations = (
				D69118A31926418F00925BB0 /* Debug */,
				D69118A41926418F00925BB0 /* Release */,
			);
			defaultConfigurationIsVisible = 0;
			defaultConfigurationName = Release;
		};
		D69118A51926418F00925BB0 /* Build configuration list for PBXNativeTarget "Boy ScoutsTests" */ = {
			isa = XCConfigurationList;
			buildConfigurations = (
				D69118A61926418F00925BB0 /* Debug */,
				D69118A71926418F00925BB0 /* Release */,
			);
			defaultConfigurationIsVisible = 0;
			defaultConfigurationName = Release;
		};
/* End XCConfigurationList section */
	};
	rootObject = D691186E1926418F00925BB0 /* Project object */;
}
